// !$*UTF8*$!
{
	archiveVersion = 1;
	classes = {
	};
	objectVersion = 46;
	objects = {

/* Begin PBXBuildFile section */
		00FB1B4D1315373400379DCC /* myPhoto.m in Sources */ = {isa = PBXBuildFile; fileRef = 00FB1B4C1315373400379DCC /* myPhoto.m */; };
		00FB1B511315375600379DCC /* ImageListCell.m in Sources */ = {isa = PBXBuildFile; fileRef = 00FB1B501315375600379DCC /* ImageListCell.m */; };
		00FB1B541315376F00379DCC /* ImageListCellView.m in Sources */ = {isa = PBXBuildFile; fileRef = 00FB1B531315376F00379DCC /* ImageListCellView.m */; };
		00FB1BCB1315427300379DCC /* ASIAuthenticationDialog.m in Sources */ = {isa = PBXBuildFile; fileRef = 00FB1BBC1315427300379DCC /* ASIAuthenticationDialog.m */; };
		00FB1BCC1315427300379DCC /* ASIInputStream.m in Sources */ = {isa = PBXBuildFile; fileRef = 00FB1BBE1315427300379DCC /* ASIInputStream.m */; };
		00FB1BCD1315427300379DCC /* ASIFormDataRequest.m in Sources */ = {isa = PBXBuildFile; fileRef = 00FB1BC01315427300379DCC /* ASIFormDataRequest.m */; };
		00FB1BCE1315427300379DCC /* ASIHTTPRequest.m in Sources */ = {isa = PBXBuildFile; fileRef = 00FB1BC21315427300379DCC /* ASIHTTPRequest.m */; };
		00FB1BCF1315427300379DCC /* ASINetworkQueue.m in Sources */ = {isa = PBXBuildFile; fileRef = 00FB1BC41315427300379DCC /* ASINetworkQueue.m */; };
		00FB1BD01315427300379DCC /* ASIDownloadCache.m in Sources */ = {isa = PBXBuildFile; fileRef = 00FB1BC61315427300379DCC /* ASIDownloadCache.m */; };
		00FB1BD11315427300379DCC /* ASIDataDecompressor.m in Sources */ = {isa = PBXBuildFile; fileRef = 00FB1BC81315427300379DCC /* ASIDataDecompressor.m */; };
		00FB1BD21315427300379DCC /* ASIDataCompressor.m in Sources */ = {isa = PBXBuildFile; fileRef = 00FB1BCA1315427300379DCC /* ASIDataCompressor.m */; };
		00FB1BD81315428000379DCC /* Reachability.m in Sources */ = {isa = PBXBuildFile; fileRef = 00FB1BD71315428000379DCC /* Reachability.m */; };
		00FB1BF9131542C400379DCC /* SystemConfiguration.framework in Frameworks */ = {isa = PBXBuildFile; fileRef = 00FB1BF8131542C400379DCC /* SystemConfiguration.framework */; };
		00FB1BFB131542C400379DCC /* libz.1.2.3.dylib in Frameworks */ = {isa = PBXBuildFile; fileRef = 00FB1BFA131542C400379DCC /* libz.1.2.3.dylib */; };
		00FB1C391315432D00379DCC /* CFNetwork.framework in Frameworks */ = {isa = PBXBuildFile; fileRef = 00FB1C361315432D00379DCC /* CFNetwork.framework */; };
		00FB1C3A1315432D00379DCC /* MobileCoreServices.framework in Frameworks */ = {isa = PBXBuildFile; fileRef = 00FB1C371315432D00379DCC /* MobileCoreServices.framework */; };
		00FB1C3B1315432D00379DCC /* MobileCoreServices.framework in Frameworks */ = {isa = PBXBuildFile; fileRef = 00FB1C381315432D00379DCC /* MobileCoreServices.framework */; };
		00FB1CE71315576000379DCC /* NSObject+SBJSON.m in Sources */ = {isa = PBXBuildFile; fileRef = 00FB1CDB1315576000379DCC /* NSObject+SBJSON.m */; };
		00FB1CE81315576000379DCC /* NSString+SBJSON.m in Sources */ = {isa = PBXBuildFile; fileRef = 00FB1CDD1315576000379DCC /* NSString+SBJSON.m */; };
		00FB1CE91315576000379DCC /* SBJsonBase.m in Sources */ = {isa = PBXBuildFile; fileRef = 00FB1CDF1315576000379DCC /* SBJsonBase.m */; };
		00FB1CEA1315576000379DCC /* SBJsonParser.m in Sources */ = {isa = PBXBuildFile; fileRef = 00FB1CE11315576000379DCC /* SBJsonParser.m */; };
		00FB1CEB1315576000379DCC /* SBJsonStreamWriter.m in Sources */ = {isa = PBXBuildFile; fileRef = 00FB1CE31315576000379DCC /* SBJsonStreamWriter.m */; };
		00FB1CEC1315576000379DCC /* SBJsonWriter.m in Sources */ = {isa = PBXBuildFile; fileRef = 00FB1CE51315576000379DCC /* SBJsonWriter.m */; };
		00FB1D661315663B00379DCC /* random.jpg in Resources */ = {isa = PBXBuildFile; fileRef = 00FB1D651315663B00379DCC /* random.jpg */; };
		1D3623260D0F684500981E51 /* waq_demoAppDelegate.m in Sources */ = {isa = PBXBuildFile; fileRef = 1D3623250D0F684500981E51 /* waq_demoAppDelegate.m */; };
		1D60589B0D05DD56006BFB54 /* main.m in Sources */ = {isa = PBXBuildFile; fileRef = 29B97316FDCFA39411CA2CEA /* main.m */; };
		1D60589F0D05DD5A006BFB54 /* Foundation.framework in Frameworks */ = {isa = PBXBuildFile; fileRef = 1D30AB110D05D00D00671497 /* Foundation.framework */; };
		1DF5F4E00D08C38300B7A737 /* UIKit.framework in Frameworks */ = {isa = PBXBuildFile; fileRef = 1DF5F4DF0D08C38300B7A737 /* UIKit.framework */; };
		28860BE50F44EE6400985440 /* CoreData.framework in Frameworks */ = {isa = PBXBuildFile; fileRef = 28860BE40F44EE6400985440 /* CoreData.framework */; };
		2892E4100DC94CBA00A64D0F /* CoreGraphics.framework in Frameworks */ = {isa = PBXBuildFile; fileRef = 2892E40F0DC94CBA00A64D0F /* CoreGraphics.framework */; };
		2899E5600DE3E45000AC0155 /* RootViewController.xib in Resources */ = {isa = PBXBuildFile; fileRef = 2899E55F0DE3E45000AC0155 /* RootViewController.xib */; };
		28AD73600D9D9599002E5188 /* MainWindow.xib in Resources */ = {isa = PBXBuildFile; fileRef = 28AD735F0D9D9599002E5188 /* MainWindow.xib */; };
		28C286E10D94DF7D0034E888 /* ImageListController.m in Sources */ = {isa = PBXBuildFile; fileRef = 28C286E00D94DF7D0034E888 /* ImageListController.m */; };
		28D3F202112F7DC200FD0661 /* waq_demo.xcdatamodeld in Sources */ = {isa = PBXBuildFile; fileRef = 28D3F201112F7DC200FD0661 /* waq_demo.xcdatamodeld */; };
/* End PBXBuildFile section */

/* Begin PBXFileReference section */
		00FB1B4B1315373400379DCC /* myPhoto.h */ = {isa = PBXFileReference; fileEncoding = 4; lastKnownFileType = sourcecode.c.h; path = myPhoto.h; sourceTree = "<group>"; };
		00FB1B4C1315373400379DCC /* myPhoto.m */ = {isa = PBXFileReference; fileEncoding = 4; lastKnownFileType = sourcecode.c.objc; path = myPhoto.m; sourceTree = "<group>"; };
		00FB1B4F1315375600379DCC /* ImageListCell.h */ = {isa = PBXFileReference; fileEncoding = 4; lastKnownFileType = sourcecode.c.h; path = ImageListCell.h; sourceTree = "<group>"; };
		00FB1B501315375600379DCC /* ImageListCell.m */ = {isa = PBXFileReference; fileEncoding = 4; lastKnownFileType = sourcecode.c.objc; path = ImageListCell.m; sourceTree = "<group>"; };
		00FB1B521315376F00379DCC /* ImageListCellView.h */ = {isa = PBXFileReference; fileEncoding = 4; lastKnownFileType = sourcecode.c.h; path = ImageListCellView.h; sourceTree = "<group>"; };
		00FB1B531315376F00379DCC /* ImageListCellView.m */ = {isa = PBXFileReference; fileEncoding = 4; lastKnownFileType = sourcecode.c.objc; path = ImageListCellView.m; sourceTree = "<group>"; };
		00FB1BB71315427300379DCC /* ASIHTTPRequestConfig.h */ = {isa = PBXFileReference; fileEncoding = 4; lastKnownFileType = sourcecode.c.h; name = ASIHTTPRequestConfig.h; path = "/Users/pothibo/Develop/waq-demo/ASIHTTPRequestConfig.h"; sourceTree = "<absolute>"; };
		00FB1BB81315427300379DCC /* ASICacheDelegate.h */ = {isa = PBXFileReference; fileEncoding = 4; lastKnownFileType = sourcecode.c.h; name = ASICacheDelegate.h; path = "/Users/pothibo/Develop/waq-demo/ASICacheDelegate.h"; sourceTree = "<absolute>"; };
		00FB1BB91315427300379DCC /* ASIHTTPRequestDelegate.h */ = {isa = PBXFileReference; fileEncoding = 4; lastKnownFileType = sourcecode.c.h; name = ASIHTTPRequestDelegate.h; path = "/Users/pothibo/Develop/waq-demo/ASIHTTPRequestDelegate.h"; sourceTree = "<absolute>"; };
		00FB1BBA1315427300379DCC /* ASIProgressDelegate.h */ = {isa = PBXFileReference; fileEncoding = 4; lastKnownFileType = sourcecode.c.h; name = ASIProgressDelegate.h; path = "/Users/pothibo/Develop/waq-demo/ASIProgressDelegate.h"; sourceTree = "<absolute>"; };
		00FB1BBB1315427300379DCC /* ASIAuthenticationDialog.h */ = {isa = PBXFileReference; fileEncoding = 4; lastKnownFileType = sourcecode.c.h; name = ASIAuthenticationDialog.h; path = "/Users/pothibo/Develop/waq-demo/ASIAuthenticationDialog.h"; sourceTree = "<absolute>"; };
		00FB1BBC1315427300379DCC /* ASIAuthenticationDialog.m */ = {isa = PBXFileReference; fileEncoding = 4; lastKnownFileType = sourcecode.c.objc; name = ASIAuthenticationDialog.m; path = "/Users/pothibo/Develop/waq-demo/ASIAuthenticationDialog.m"; sourceTree = "<absolute>"; };
		00FB1BBD1315427300379DCC /* ASIInputStream.h */ = {isa = PBXFileReference; fileEncoding = 4; lastKnownFileType = sourcecode.c.h; name = ASIInputStream.h; path = "/Users/pothibo/Develop/waq-demo/ASIInputStream.h"; sourceTree = "<absolute>"; };
		00FB1BBE1315427300379DCC /* ASIInputStream.m */ = {isa = PBXFileReference; fileEncoding = 4; lastKnownFileType = sourcecode.c.objc; name = ASIInputStream.m; path = "/Users/pothibo/Develop/waq-demo/ASIInputStream.m"; sourceTree = "<absolute>"; };
		00FB1BBF1315427300379DCC /* ASIFormDataRequest.h */ = {isa = PBXFileReference; fileEncoding = 4; lastKnownFileType = sourcecode.c.h; name = ASIFormDataRequest.h; path = "/Users/pothibo/Develop/waq-demo/ASIFormDataRequest.h"; sourceTree = "<absolute>"; };
		00FB1BC01315427300379DCC /* ASIFormDataRequest.m */ = {isa = PBXFileReference; fileEncoding = 4; lastKnownFileType = sourcecode.c.objc; name = ASIFormDataRequest.m; path = "/Users/pothibo/Develop/waq-demo/ASIFormDataRequest.m"; sourceTree = "<absolute>"; };
		00FB1BC11315427300379DCC /* ASIHTTPRequest.h */ = {isa = PBXFileReference; fileEncoding = 4; lastKnownFileType = sourcecode.c.h; name = ASIHTTPRequest.h; path = "/Users/pothibo/Develop/waq-demo/ASIHTTPRequest.h"; sourceTree = "<absolute>"; };
		00FB1BC21315427300379DCC /* ASIHTTPRequest.m */ = {isa = PBXFileReference; fileEncoding = 4; lastKnownFileType = sourcecode.c.objc; name = ASIHTTPRequest.m; path = "/Users/pothibo/Develop/waq-demo/ASIHTTPRequest.m"; sourceTree = "<absolute>"; };
		00FB1BC31315427300379DCC /* ASINetworkQueue.h */ = {isa = PBXFileReference; fileEncoding = 4; lastKnownFileType = sourcecode.c.h; name = ASINetworkQueue.h; path = "/Users/pothibo/Develop/waq-demo/ASINetworkQueue.h"; sourceTree = "<absolute>"; };
		00FB1BC41315427300379DCC /* ASINetworkQueue.m */ = {isa = PBXFileReference; fileEncoding = 4; lastKnownFileType = sourcecode.c.objc; name = ASINetworkQueue.m; path = "/Users/pothibo/Develop/waq-demo/ASINetworkQueue.m"; sourceTree = "<absolute>"; };
		00FB1BC51315427300379DCC /* ASIDownloadCache.h */ = {isa = PBXFileReference; fileEncoding = 4; lastKnownFileType = sourcecode.c.h; name = ASIDownloadCache.h; path = "/Users/pothibo/Develop/waq-demo/ASIDownloadCache.h"; sourceTree = "<absolute>"; };
		00FB1BC61315427300379DCC /* ASIDownloadCache.m */ = {isa = PBXFileReference; fileEncoding = 4; lastKnownFileType = sourcecode.c.objc; name = ASIDownloadCache.m; path = "/Users/pothibo/Develop/waq-demo/ASIDownloadCache.m"; sourceTree = "<absolute>"; };
		00FB1BC71315427300379DCC /* ASIDataDecompressor.h */ = {isa = PBXFileReference; fileEncoding = 4; lastKnownFileType = sourcecode.c.h; name = ASIDataDecompressor.h; path = "/Users/pothibo/Develop/waq-demo/ASIDataDecompressor.h"; sourceTree = "<absolute>"; };
		00FB1BC81315427300379DCC /* ASIDataDecompressor.m */ = {isa = PBXFileReference; fileEncoding = 4; lastKnownFileType = sourcecode.c.objc; name = ASIDataDecompressor.m; path = "/Users/pothibo/Develop/waq-demo/ASIDataDecompressor.m"; sourceTree = "<absolute>"; };
		00FB1BC91315427300379DCC /* ASIDataCompressor.h */ = {isa = PBXFileReference; fileEncoding = 4; lastKnownFileType = sourcecode.c.h; name = ASIDataCompressor.h; path = "/Users/pothibo/Develop/waq-demo/ASIDataCompressor.h"; sourceTree = "<absolute>"; };
		00FB1BCA1315427300379DCC /* ASIDataCompressor.m */ = {isa = PBXFileReference; fileEncoding = 4; lastKnownFileType = sourcecode.c.objc; name = ASIDataCompressor.m; path = "/Users/pothibo/Develop/waq-demo/ASIDataCompressor.m"; sourceTree = "<absolute>"; };
		00FB1BD61315428000379DCC /* Reachability.h */ = {isa = PBXFileReference; fileEncoding = 4; lastKnownFileType = sourcecode.c.h; name = Reachability.h; path = "/Users/pothibo/Develop/waq-demo/Reachability/Reachability.h"; sourceTree = "<absolute>"; };
		00FB1BD71315428000379DCC /* Reachability.m */ = {isa = PBXFileReference; fileEncoding = 4; lastKnownFileType = sourcecode.c.objc; name = Reachability.m; path = "/Users/pothibo/Develop/waq-demo/Reachability/Reachability.m"; sourceTree = "<absolute>"; };
		00FB1BF8131542C400379DCC /* SystemConfiguration.framework */ = {isa = PBXFileReference; lastKnownFileType = wrapper.framework; name = SystemConfiguration.framework; path = /System/Library/Frameworks/SystemConfiguration.framework; sourceTree = "<absolute>"; };
		00FB1BFA131542C400379DCC /* libz.1.2.3.dylib */ = {isa = PBXFileReference; lastKnownFileType = "compiled.mach-o.dylib"; name = libz.1.2.3.dylib; path = /usr/lib/libz.1.2.3.dylib; sourceTree = "<absolute>"; };
		00FB1C361315432D00379DCC /* CFNetwork.framework */ = {isa = PBXFileReference; lastKnownFileType = wrapper.framework; name = CFNetwork.framework; path = "../asi-http-request/iphoneos2.2.1/System/Library/Frameworks/CFNetwork.framework"; sourceTree = SOURCE_ROOT; };
		00FB1C371315432D00379DCC /* MobileCoreServices.framework */ = {isa = PBXFileReference; lastKnownFileType = wrapper.framework; name = MobileCoreServices.framework; path = "../asi-http-request/iphoneos2.2.1/System/Library/Frameworks/MobileCoreServices.framework"; sourceTree = SOURCE_ROOT; };
		00FB1C381315432D00379DCC /* MobileCoreServices.framework */ = {isa = PBXFileReference; lastKnownFileType = wrapper.framework; name = MobileCoreServices.framework; path = "../asi-http-request/iphoneos2.2.1/System/Library/Frameworks/MobileCoreServices.framework"; sourceTree = SOURCE_ROOT; };
		00FB1CD91315576000379DCC /* JSON.h */ = {isa = PBXFileReference; fileEncoding = 4; lastKnownFileType = sourcecode.c.h; path = JSON.h; sourceTree = "<group>"; };
		00FB1CDA1315576000379DCC /* NSObject+SBJSON.h */ = {isa = PBXFileReference; fileEncoding = 4; lastKnownFileType = sourcecode.c.h; path = "NSObject+SBJSON.h"; sourceTree = "<group>"; };
		00FB1CDB1315576000379DCC /* NSObject+SBJSON.m */ = {isa = PBXFileReference; fileEncoding = 4; lastKnownFileType = sourcecode.c.objc; path = "NSObject+SBJSON.m"; sourceTree = "<group>"; };
		00FB1CDC1315576000379DCC /* NSString+SBJSON.h */ = {isa = PBXFileReference; fileEncoding = 4; lastKnownFileType = sourcecode.c.h; path = "NSString+SBJSON.h"; sourceTree = "<group>"; };
		00FB1CDD1315576000379DCC /* NSString+SBJSON.m */ = {isa = PBXFileReference; fileEncoding = 4; lastKnownFileType = sourcecode.c.objc; path = "NSString+SBJSON.m"; sourceTree = "<group>"; };
		00FB1CDE1315576000379DCC /* SBJsonBase.h */ = {isa = PBXFileReference; fileEncoding = 4; lastKnownFileType = sourcecode.c.h; path = SBJsonBase.h; sourceTree = "<group>"; };
		00FB1CDF1315576000379DCC /* SBJsonBase.m */ = {isa = PBXFileReference; fileEncoding = 4; lastKnownFileType = sourcecode.c.objc; path = SBJsonBase.m; sourceTree = "<group>"; };
		00FB1CE01315576000379DCC /* SBJsonParser.h */ = {isa = PBXFileReference; fileEncoding = 4; lastKnownFileType = sourcecode.c.h; path = SBJsonParser.h; sourceTree = "<group>"; };
		00FB1CE11315576000379DCC /* SBJsonParser.m */ = {isa = PBXFileReference; fileEncoding = 4; lastKnownFileType = sourcecode.c.objc; path = SBJsonParser.m; sourceTree = "<group>"; };
		00FB1CE21315576000379DCC /* SBJsonStreamWriter.h */ = {isa = PBXFileReference; fileEncoding = 4; lastKnownFileType = sourcecode.c.h; path = SBJsonStreamWriter.h; sourceTree = "<group>"; };
		00FB1CE31315576000379DCC /* SBJsonStreamWriter.m */ = {isa = PBXFileReference; fileEncoding = 4; lastKnownFileType = sourcecode.c.objc; path = SBJsonStreamWriter.m; sourceTree = "<group>"; };
		00FB1CE41315576000379DCC /* SBJsonWriter.h */ = {isa = PBXFileReference; fileEncoding = 4; lastKnownFileType = sourcecode.c.h; path = SBJsonWriter.h; sourceTree = "<group>"; };
		00FB1CE51315576000379DCC /* SBJsonWriter.m */ = {isa = PBXFileReference; fileEncoding = 4; lastKnownFileType = sourcecode.c.objc; path = SBJsonWriter.m; sourceTree = "<group>"; };
		00FB1CE61315576000379DCC /* SBProxyForJson.h */ = {isa = PBXFileReference; fileEncoding = 4; lastKnownFileType = sourcecode.c.h; path = SBProxyForJson.h; sourceTree = "<group>"; };
		00FB1D651315663B00379DCC /* random.jpg */ = {isa = PBXFileReference; lastKnownFileType = image.jpeg; path = random.jpg; sourceTree = "<group>"; };
		1D30AB110D05D00D00671497 /* Foundation.framework */ = {isa = PBXFileReference; lastKnownFileType = wrapper.framework; name = Foundation.framework; path = System/Library/Frameworks/Foundation.framework; sourceTree = SDKROOT; };
		1D3623240D0F684500981E51 /* waq_demoAppDelegate.h */ = {isa = PBXFileReference; fileEncoding = 4; lastKnownFileType = sourcecode.c.h; path = waq_demoAppDelegate.h; sourceTree = "<group>"; };
		1D3623250D0F684500981E51 /* waq_demoAppDelegate.m */ = {isa = PBXFileReference; fileEncoding = 4; lastKnownFileType = sourcecode.c.objc; path = waq_demoAppDelegate.m; sourceTree = "<group>"; };
		1D6058910D05DD3D006BFB54 /* waq-demo.app */ = {isa = PBXFileReference; explicitFileType = wrapper.application; includeInIndex = 0; path = "waq-demo.app"; sourceTree = BUILT_PRODUCTS_DIR; };
		1DF5F4DF0D08C38300B7A737 /* UIKit.framework */ = {isa = PBXFileReference; lastKnownFileType = wrapper.framework; name = UIKit.framework; path = System/Library/Frameworks/UIKit.framework; sourceTree = SDKROOT; };
		28860B760F44E54D00985440 /* waq_demo.xcdatamodel */ = {isa = PBXFileReference; fileEncoding = 4; lastKnownFileType = wrapper.xcdatamodel; path = waq_demo.xcdatamodel; sourceTree = "<group>"; };
		28860BE40F44EE6400985440 /* CoreData.framework */ = {isa = PBXFileReference; lastKnownFileType = wrapper.framework; name = CoreData.framework; path = System/Library/Frameworks/CoreData.framework; sourceTree = SDKROOT; };
		2892E40F0DC94CBA00A64D0F /* CoreGraphics.framework */ = {isa = PBXFileReference; lastKnownFileType = wrapper.framework; name = CoreGraphics.framework; path = System/Library/Frameworks/CoreGraphics.framework; sourceTree = SDKROOT; };
		2899E55F0DE3E45000AC0155 /* RootViewController.xib */ = {isa = PBXFileReference; lastKnownFileType = file.xib; path = RootViewController.xib; sourceTree = "<group>"; };
		28A0AAE50D9B0CCF005BE974 /* waq_demo_Prefix.pch */ = {isa = PBXFileReference; fileEncoding = 4; lastKnownFileType = sourcecode.c.h; path = waq_demo_Prefix.pch; sourceTree = "<group>"; };
		28AD735F0D9D9599002E5188 /* MainWindow.xib */ = {isa = PBXFileReference; lastKnownFileType = file.xib; path = MainWindow.xib; sourceTree = "<group>"; };
		28C286DF0D94DF7D0034E888 /* ImageListController.h */ = {isa = PBXFileReference; fileEncoding = 4; lastKnownFileType = sourcecode.c.h; path = ImageListController.h; sourceTree = "<group>"; };
		28C286E00D94DF7D0034E888 /* ImageListController.m */ = {isa = PBXFileReference; fileEncoding = 4; lastKnownFileType = sourcecode.c.objc; path = ImageListController.m; sourceTree = "<group>"; };
		29B97316FDCFA39411CA2CEA /* main.m */ = {isa = PBXFileReference; fileEncoding = 4; lastKnownFileType = sourcecode.c.objc; path = main.m; sourceTree = "<group>"; };
		8D1107310486CEB800E47090 /* waq_demo-Info.plist */ = {isa = PBXFileReference; fileEncoding = 4; lastKnownFileType = text.plist.xml; path = "waq_demo-Info.plist"; plistStructureDefinitionIdentifier = "com.apple.xcode.plist.structure-definition.iphone.info-plist"; sourceTree = "<group>"; };
/* End PBXFileReference section */

/* Begin PBXFrameworksBuildPhase section */
		1D60588F0D05DD3D006BFB54 /* Frameworks */ = {
			isa = PBXFrameworksBuildPhase;
			buildActionMask = 2147483647;
			files = (
				1D60589F0D05DD5A006BFB54 /* Foundation.framework in Frameworks */,
				1DF5F4E00D08C38300B7A737 /* UIKit.framework in Frameworks */,
				2892E4100DC94CBA00A64D0F /* CoreGraphics.framework in Frameworks */,
				28860BE50F44EE6400985440 /* CoreData.framework in Frameworks */,
				00FB1BF9131542C400379DCC /* SystemConfiguration.framework in Frameworks */,
				00FB1BFB131542C400379DCC /* libz.1.2.3.dylib in Frameworks */,
				00FB1C391315432D00379DCC /* CFNetwork.framework in Frameworks */,
				00FB1C3A1315432D00379DCC /* MobileCoreServices.framework in Frameworks */,
				00FB1C3B1315432D00379DCC /* MobileCoreServices.framework in Frameworks */,
			);
			runOnlyForDeploymentPostprocessing = 0;
		};
/* End PBXFrameworksBuildPhase section */

/* Begin PBXGroup section */
		00FB1B34131536F200379DCC /* Model */ = {
			isa = PBXGroup;
			children = (
				00FB1B4B1315373400379DCC /* myPhoto.h */,
				00FB1B4C1315373400379DCC /* myPhoto.m */,
			);
			name = Model;
			sourceTree = "<group>";
		};
		00FB1B37131536FF00379DCC /* ImageListController */ = {
			isa = PBXGroup;
			children = (
				00FB1B4E1315373B00379DCC /* Views */,
				28C286DF0D94DF7D0034E888 /* ImageListController.h */,
				28C286E00D94DF7D0034E888 /* ImageListController.m */,
			);
			name = ImageListController;
			sourceTree = "<group>";
		};
		00FB1B4E1315373B00379DCC /* Views */ = {
			isa = PBXGroup;
			children = (
				00FB1B4F1315375600379DCC /* ImageListCell.h */,
				00FB1B501315375600379DCC /* ImageListCell.m */,
				00FB1B521315376F00379DCC /* ImageListCellView.h */,
				00FB1B531315376F00379DCC /* ImageListCellView.m */,
			);
			name = Views;
			sourceTree = "<group>";
		};
		00FB1B861315425300379DCC /* ASIHTTPRequest */ = {
			isa = PBXGroup;
			children = (
				00FB1BD51315428000379DCC /* Reachability */,
				00FB1BB71315427300379DCC /* ASIHTTPRequestConfig.h */,
				00FB1BB81315427300379DCC /* ASICacheDelegate.h */,
				00FB1BB91315427300379DCC /* ASIHTTPRequestDelegate.h */,
				00FB1BBA1315427300379DCC /* ASIProgressDelegate.h */,
				00FB1BBB1315427300379DCC /* ASIAuthenticationDialog.h */,
				00FB1BBC1315427300379DCC /* ASIAuthenticationDialog.m */,
				00FB1BBD1315427300379DCC /* ASIInputStream.h */,
				00FB1BBE1315427300379DCC /* ASIInputStream.m */,
				00FB1BBF1315427300379DCC /* ASIFormDataRequest.h */,
				00FB1BC01315427300379DCC /* ASIFormDataRequest.m */,
				00FB1BC11315427300379DCC /* ASIHTTPRequest.h */,
				00FB1BC21315427300379DCC /* ASIHTTPRequest.m */,
				00FB1BC31315427300379DCC /* ASINetworkQueue.h */,
				00FB1BC41315427300379DCC /* ASINetworkQueue.m */,
				00FB1BC51315427300379DCC /* ASIDownloadCache.h */,
				00FB1BC61315427300379DCC /* ASIDownloadCache.m */,
				00FB1BC71315427300379DCC /* ASIDataDecompressor.h */,
				00FB1BC81315427300379DCC /* ASIDataDecompressor.m */,
				00FB1BC91315427300379DCC /* ASIDataCompressor.h */,
				00FB1BCA1315427300379DCC /* ASIDataCompressor.m */,
			);
			name = ASIHTTPRequest;
			sourceTree = "<group>";
		};
		00FB1BD51315428000379DCC /* Reachability */ = {
			isa = PBXGroup;
			children = (
				00FB1BD61315428000379DCC /* Reachability.h */,
				00FB1BD71315428000379DCC /* Reachability.m */,
			);
			name = Reachability;
			path = "/Users/pothibo/Develop/waq-demo/Reachability";
			sourceTree = "<absolute>";
		};
		00FB1CD61315575800379DCC /* JSON */ = {
			isa = PBXGroup;
			children = (
				00FB1CD91315576000379DCC /* JSON.h */,
				00FB1CDA1315576000379DCC /* NSObject+SBJSON.h */,
				00FB1CDB1315576000379DCC /* NSObject+SBJSON.m */,
				00FB1CDC1315576000379DCC /* NSString+SBJSON.h */,
				00FB1CDD1315576000379DCC /* NSString+SBJSON.m */,
				00FB1CDE1315576000379DCC /* SBJsonBase.h */,
				00FB1CDF1315576000379DCC /* SBJsonBase.m */,
				00FB1CE01315576000379DCC /* SBJsonParser.h */,
				00FB1CE11315576000379DCC /* SBJsonParser.m */,
				00FB1CE21315576000379DCC /* SBJsonStreamWriter.h */,
				00FB1CE31315576000379DCC /* SBJsonStreamWriter.m */,
				00FB1CE41315576000379DCC /* SBJsonWriter.h */,
				00FB1CE51315576000379DCC /* SBJsonWriter.m */,
				00FB1CE61315576000379DCC /* SBProxyForJson.h */,
			);
			name = JSON;
			sourceTree = "<group>";
		};
		080E96DDFE201D6D7F000001 /* Classes */ = {
			isa = PBXGroup;
			children = (
				00FB1B37131536FF00379DCC /* ImageListController */,
				00FB1B34131536F200379DCC /* Model */,
				1D3623240D0F684500981E51 /* waq_demoAppDelegate.h */,
				1D3623250D0F684500981E51 /* waq_demoAppDelegate.m */,
			);
			path = Classes;
			sourceTree = "<group>";
		};
		19C28FACFE9D520D11CA2CBB /* Products */ = {
			isa = PBXGroup;
			children = (
				1D6058910D05DD3D006BFB54 /* waq-demo.app */,
			);
			name = Products;
			sourceTree = "<group>";
		};
		29B97314FDCFA39411CA2CEA /* CustomTemplate */ = {
			isa = PBXGroup;
			children = (
				080E96DDFE201D6D7F000001 /* Classes */,
				29B97315FDCFA39411CA2CEA /* Other Sources */,
				29B97317FDCFA39411CA2CEA /* Resources */,
				29B97323FDCFA39411CA2CEA /* Frameworks */,
				19C28FACFE9D520D11CA2CBB /* Products */,
			);
			name = CustomTemplate;
			sourceTree = "<group>";
		};
		29B97315FDCFA39411CA2CEA /* Other Sources */ = {
			isa = PBXGroup;
			children = (
				28A0AAE50D9B0CCF005BE974 /* waq_demo_Prefix.pch */,
				29B97316FDCFA39411CA2CEA /* main.m */,
			);
			name = "Other Sources";
			sourceTree = "<group>";
		};
		29B97317FDCFA39411CA2CEA /* Resources */ = {
			isa = PBXGroup;
			children = (
				00FB1D651315663B00379DCC /* random.jpg */,
				28D3F201112F7DC200FD0661 /* waq_demo.xcdatamodeld */,
				2899E55F0DE3E45000AC0155 /* RootViewController.xib */,
				28AD735F0D9D9599002E5188 /* MainWindow.xib */,
				8D1107310486CEB800E47090 /* waq_demo-Info.plist */,
			);
			name = Resources;
			sourceTree = "<group>";
		};
		29B97323FDCFA39411CA2CEA /* Frameworks */ = {
			isa = PBXGroup;
			children = (
				00FB1CD61315575800379DCC /* JSON */,
				00FB1B861315425300379DCC /* ASIHTTPRequest */,
				1DF5F4DF0D08C38300B7A737 /* UIKit.framework */,
				00FB1C361315432D00379DCC /* CFNetwork.framework */,
				00FB1C371315432D00379DCC /* MobileCoreServices.framework */,
				00FB1C381315432D00379DCC /* MobileCoreServices.framework */,
				1D30AB110D05D00D00671497 /* Foundation.framework */,
				2892E40F0DC94CBA00A64D0F /* CoreGraphics.framework */,
				28860BE40F44EE6400985440 /* CoreData.framework */,
				00FB1BFA131542C400379DCC /* libz.1.2.3.dylib */,
				00FB1BF8131542C400379DCC /* SystemConfiguration.framework */,
			);
			name = Frameworks;
			sourceTree = "<group>";
		};
/* End PBXGroup section */

/* Begin PBXNativeTarget section */
		1D6058900D05DD3D006BFB54 /* waq-demo */ = {
			isa = PBXNativeTarget;
			buildConfigurationList = 1D6058960D05DD3E006BFB54 /* Build configuration list for PBXNativeTarget "waq-demo" */;
			buildPhases = (
				1D60588D0D05DD3D006BFB54 /* Resources */,
				1D60588E0D05DD3D006BFB54 /* Sources */,
				1D60588F0D05DD3D006BFB54 /* Frameworks */,
			);
			buildRules = (
			);
			dependencies = (
			);
			name = "waq-demo";
			productName = "waq-demo";
			productReference = 1D6058910D05DD3D006BFB54 /* waq-demo.app */;
			productType = "com.apple.product-type.application";
		};
/* End PBXNativeTarget section */

/* Begin PBXProject section */
		29B97313FDCFA39411CA2CEA /* Project object */ = {
			isa = PBXProject;
			buildConfigurationList = C01FCF4E08A954540054247B /* Build configuration list for PBXProject "waq-demo" */;
			compatibilityVersion = "Xcode 3.2";
			developmentRegion = English;
			hasScannedForEncodings = 1;
			knownRegions = (
				English,
				Japanese,
				French,
				German,
				en,
			);
			mainGroup = 29B97314FDCFA39411CA2CEA /* CustomTemplate */;
			projectDirPath = "";
			projectRoot = "";
			targets = (
				1D6058900D05DD3D006BFB54 /* waq-demo */,
			);
		};
/* End PBXProject section */

/* Begin PBXResourcesBuildPhase section */
		1D60588D0D05DD3D006BFB54 /* Resources */ = {
			isa = PBXResourcesBuildPhase;
			buildActionMask = 2147483647;
			files = (
				28AD73600D9D9599002E5188 /* MainWindow.xib in Resources */,
				2899E5600DE3E45000AC0155 /* RootViewController.xib in Resources */,
				00FB1D661315663B00379DCC /* random.jpg in Resources */,
			);
			runOnlyForDeploymentPostprocessing = 0;
		};
/* End PBXResourcesBuildPhase section */

/* Begin PBXSourcesBuildPhase section */
		1D60588E0D05DD3D006BFB54 /* Sources */ = {
			isa = PBXSourcesBuildPhase;
			buildActionMask = 2147483647;
			files = (
				1D60589B0D05DD56006BFB54 /* main.m in Sources */,
				1D3623260D0F684500981E51 /* waq_demoAppDelegate.m in Sources */,
				28C286E10D94DF7D0034E888 /* ImageListController.m in Sources */,
				28D3F202112F7DC200FD0661 /* waq_demo.xcdatamodeld in Sources */,
				00FB1B4D1315373400379DCC /* myPhoto.m in Sources */,
				00FB1B511315375600379DCC /* ImageListCell.m in Sources */,
				00FB1B541315376F00379DCC /* ImageListCellView.m in Sources */,
				00FB1BCB1315427300379DCC /* ASIAuthenticationDialog.m in Sources */,
				00FB1BCC1315427300379DCC /* ASIInputStream.m in Sources */,
				00FB1BCD1315427300379DCC /* ASIFormDataRequest.m in Sources */,
				00FB1BCE1315427300379DCC /* ASIHTTPRequest.m in Sources */,
				00FB1BCF1315427300379DCC /* ASINetworkQueue.m in Sources */,
				00FB1BD01315427300379DCC /* ASIDownloadCache.m in Sources */,
				00FB1BD11315427300379DCC /* ASIDataDecompressor.m in Sources */,
				00FB1BD21315427300379DCC /* ASIDataCompressor.m in Sources */,
				00FB1BD81315428000379DCC /* Reachability.m in Sources */,
				00FB1CE71315576000379DCC /* NSObject+SBJSON.m in Sources */,
				00FB1CE81315576000379DCC /* NSString+SBJSON.m in Sources */,
				00FB1CE91315576000379DCC /* SBJsonBase.m in Sources */,
				00FB1CEA1315576000379DCC /* SBJsonParser.m in Sources */,
				00FB1CEB1315576000379DCC /* SBJsonStreamWriter.m in Sources */,
				00FB1CEC1315576000379DCC /* SBJsonWriter.m in Sources */,
			);
			runOnlyForDeploymentPostprocessing = 0;
		};
/* End PBXSourcesBuildPhase section */

/* Begin XCBuildConfiguration section */
		1D6058940D05DD3E006BFB54 /* Debug */ = {
			isa = XCBuildConfiguration;
			buildSettings = {
				ALWAYS_SEARCH_USER_PATHS = NO;
				COPY_PHASE_STRIP = NO;
				FRAMEWORK_SEARCH_PATHS = "$(inherited)";
				GCC_DYNAMIC_NO_PIC = NO;
				GCC_OPTIMIZATION_LEVEL = 0;
				GCC_PRECOMPILE_PREFIX_HEADER = YES;
				GCC_PREFIX_HEADER = waq_demo_Prefix.pch;
				INFOPLIST_FILE = "waq_demo-Info.plist";
				PRODUCT_NAME = "waq-demo";
			};
			name = Debug;
		};
		1D6058950D05DD3E006BFB54 /* Release */ = {
			isa = XCBuildConfiguration;
			buildSettings = {
				ALWAYS_SEARCH_USER_PATHS = NO;
				COPY_PHASE_STRIP = YES;
				FRAMEWORK_SEARCH_PATHS = (
					"$(inherited)",
					"\"$(SRCROOT)/../asi-http-request/iphoneos2.2.1/System/Library/Frameworks\"",
				);
				GCC_PRECOMPILE_PREFIX_HEADER = YES;
				GCC_PREFIX_HEADER = waq_demo_Prefix.pch;
				INFOPLIST_FILE = "waq_demo-Info.plist";
				PRODUCT_NAME = "waq-demo";
				VALIDATE_PRODUCT = YES;
			};
			name = Release;
		};
		C01FCF4F08A954540054247B /* Debug */ = {
			isa = XCBuildConfiguration;
			buildSettings = {
				ARCHS = "$(ARCHS_STANDARD_32_BIT)";
				"CODE_SIGN_IDENTITY[sdk=iphoneos*]" = "iPhone Developer";
				GCC_C_LANGUAGE_STANDARD = c99;
				GCC_WARN_ABOUT_RETURN_TYPE = YES;
				GCC_WARN_UNUSED_VARIABLE = YES;
				PREBINDING = NO;
				SDKROOT = iphoneos;
			};
			name = Debug;
		};
		C01FCF5008A954540054247B /* Release */ = {
			isa = XCBuildConfiguration;
			buildSettings = {
				ARCHS = "$(ARCHS_STANDARD_32_BIT)";
				"CODE_SIGN_IDENTITY[sdk=iphoneos*]" = "iPhone Developer";
				GCC_C_LANGUAGE_STANDARD = c99;
				GCC_WARN_ABOUT_RETURN_TYPE = YES;
				GCC_WARN_UNUSED_VARIABLE = YES;
				OTHER_CFLAGS = "-DNS_BLOCK_ASSERTIONS=1";
				PREBINDING = NO;
				SDKROOT = iphoneos;
			};
			name = Release;
		};
/* End XCBuildConfiguration section */

/* Begin XCConfigurationList section */
		1D6058960D05DD3E006BFB54 /* Build configuration list for PBXNativeTarget "waq-demo" */ = {
			isa = XCConfigurationList;
			buildConfigurations = (
				1D6058940D05DD3E006BFB54 /* Debug */,
				1D6058950D05DD3E006BFB54 /* Release */,
			);
			defaultConfigurationIsVisible = 0;
			defaultConfigurationName = Release;
		};
		C01FCF4E08A954540054247B /* Build configuration list for PBXProject "waq-demo" */ = {
			isa = XCConfigurationList;
			buildConfigurations = (
				C01FCF4F08A954540054247B /* Debug */,
				C01FCF5008A954540054247B /* Release */,
			);
			defaultConfigurationIsVisible = 0;
			defaultConfigurationName = Release;
		};
/* End XCConfigurationList section */

/* Begin XCVersionGroup section */
		28D3F201112F7DC200FD0661 /* waq_demo.xcdatamodeld */ = {
			isa = XCVersionGroup;
			children = (
				28860B760F44E54D00985440 /* waq_demo.xcdatamodel */,
			);
			currentVersion = 28860B760F44E54D00985440 /* waq_demo.xcdatamodel */;
			path = waq_demo.xcdatamodeld;
			sourceTree = "<group>";
			versionGroupType = wrapper.xcdatamodel;
		};
/* End XCVersionGroup section */
	};
	rootObject = 29B97313FDCFA39411CA2CEA /* Project object */;
}
